
Microsoft Visual Studio Solution File, Format Version 12.00
# Visual Studio Version 16
VisualStudioVersion = 16.0.30621.155
MinimumVisualStudioVersion = 10.0.40219.1
Project("{FAE04EC0-301F-11D3-BF4B-00C04F79EFBC}") = "CribbApp.WebAPI", "CribbApp.WebAPI\CribbApp.WebAPI.csproj", "{EA45064B-50BD-4666-B7A7-1489FDAF9812}"
EndProject
Project("{FAE04EC0-301F-11D3-BF4B-00C04F79EFBC}") = "CribbApp.Tests", "CribbApp.Tests\CribbApp.Tests.csproj", "{3615836D-B10A-47D3-9D28-04FBE4B5BED3}"
EndProject
Project("{FAE04EC0-301F-11D3-BF4B-00C04F79EFBC}") = "CribbApp.Data", "CribbApp.Data\CribbApp.Data.csproj", "{23832D1E-EB56-451B-8490-0CA25ECB6AE5}"
EndProject
Project("{FAE04EC0-301F-11D3-BF4B-00C04F79EFBC}") = "CribbApp.Models", "CribbApp.Models\CribbApp.Models.csproj", "{DF27E441-DF69-4184-9D6C-B65968E2967A}"
EndProject
Project("{FAE04EC0-301F-11D3-BF4B-00C04F79EFBC}") = "CribbApp.Services", "CribbApp.Services\CribbApp.Services.csproj", "{4644FC22-6917-49A3-9E5B-5B87E488492B}"
EndProject
Global
	GlobalSection(SolutionConfigurationPlatforms) = preSolution
		Debug|Any CPU = Debug|Any CPU
		Release|Any CPU = Release|Any CPU
	EndGlobalSection
	GlobalSection(ProjectConfigurationPlatforms) = postSolution
		{EA45064B-50BD-4666-B7A7-1489FDAF9812}.Debug|Any CPU.ActiveCfg = Debug|Any CPU
		{EA45064B-50BD-4666-B7A7-1489FDAF9812}.Debug|Any CPU.Build.0 = Debug|Any CPU
		{EA45064B-50BD-4666-B7A7-1489FDAF9812}.Release|Any CPU.ActiveCfg = Release|Any CPU
		{EA45064B-50BD-4666-B7A7-1489FDAF9812}.Release|Any CPU.Build.0 = Release|Any CPU
		{3615836D-B10A-47D3-9D28-04FBE4B5BED3}.Debug|Any CPU.ActiveCfg = Debug|Any CPU
		{3615836D-B10A-47D3-9D28-04FBE4B5BED3}.Debug|Any CPU.Build.0 = Debug|Any CPU
		{3615836D-B10A-47D3-9D28-04FBE4B5BED3}.Release|Any CPU.ActiveCfg = Release|Any CPU
		{3615836D-B10A-47D3-9D28-04FBE4B5BED3}.Release|Any CPU.Build.0 = Release|Any CPU
		{23832D1E-EB56-451B-8490-0CA25ECB6AE5}.Debug|Any CPU.ActiveCfg = Debug|Any CPU
		{23832D1E-EB56-451B-8490-0CA25ECB6AE5}.Debug|Any CPU.Build.0 = Debug|Any CPU
		{23832D1E-EB56-451B-8490-0CA25ECB6AE5}.Release|Any CPU.ActiveCfg = Release|Any CPU
		{23832D1E-EB56-451B-8490-0CA25ECB6AE5}.Release|Any CPU.Build.0 = Release|Any CPU
		{DF27E441-DF69-4184-9D6C-B65968E2967A}.Debug|Any CPU.ActiveCfg = Debug|Any CPU
		{DF27E441-DF69-4184-9D6C-B65968E2967A}.Debug|Any CPU.Build.0 = Debug|Any CPU
		{DF27E441-DF69-4184-9D6C-B65968E2967A}.Release|Any CPU.ActiveCfg = Release|Any CPU
		{DF27E441-DF69-4184-9D6C-B65968E2967A}.Release|Any CPU.Build.0 = Release|Any CPU
		{4644FC22-6917-49A3-9E5B-5B87E488492B}.Debug|Any CPU.ActiveCfg = Debug|Any CPU
		{4644FC22-6917-49A3-9E5B-5B87E488492B}.Debug|Any CPU.Build.0 = Debug|Any CPU
		{4644FC22-6917-49A3-9E5B-5B87E488492B}.Release|Any CPU.ActiveCfg = Release|Any CPU
		{4644FC22-6917-49A3-9E5B-5B87E488492B}.Release|Any CPU.Build.0 = Release|Any CPU
	EndGlobalSection
	GlobalSection(SolutionProperties) = preSolution
		HideSolutionNode = FALSE
	EndGlobalSection
	GlobalSection(ExtensibilityGlobals) = postSolution
		SolutionGuid = {D847DD8C-986C-4869-B364-51479779C06C}
	EndGlobalSection
EndGlobal
